
Microsoft Visual Studio Solution File, Format Version 12.00
# Visual Studio Version 16
VisualStudioVersion = 16.0.29613.14
MinimumVisualStudioVersion = 10.0.40219.1
Project("{FAE04EC0-301F-11D3-BF4B-00C04F79EFBC}") = "SMSEntityFramework", "SMSEntityFramework\SMSEntityFramework.csproj", "{5AE54496-BDB9-4BE3-8741-7CC8E2EF78ED}"
EndProject
Global
	GlobalSection(SolutionConfigurationPlatforms) = preSolution
		Debug|Any CPU = Debug|Any CPU
		Release|Any CPU = Release|Any CPU
	EndGlobalSection
	GlobalSection(ProjectConfigurationPlatforms) = postSolution
		{5AE54496-BDB9-4BE3-8741-7CC8E2EF78ED}.Debug|Any CPU.ActiveCfg = Debug|Any CPU
		{5AE54496-BDB9-4BE3-8741-7CC8E2EF78ED}.Debug|Any CPU.Build.0 = Debug|Any CPU
		{5AE54496-BDB9-4BE3-8741-7CC8E2EF78ED}.Release|Any CPU.ActiveCfg = Release|Any CPU
		{5AE54496-BDB9-4BE3-8741-7CC8E2EF78ED}.Release|Any CPU.Build.0 = Release|Any CPU
	EndGlobalSection
	GlobalSection(SolutionProperties) = preSolution
		HideSolutionNode = FALSE
	EndGlobalSection
	GlobalSection(ExtensibilityGlobals) = postSolution
		SolutionGuid = {F7071935-2AFC-4652-AFA7-4866E21299CE}
	EndGlobalSection
EndGlobal
